// !$*UTF8*$!
{
	archiveVersion = 1;
	classes = {
	};
	objectVersion = 56;
	objects = {

/* Begin PBXBuildFile section */
		C1C691352A3A0795001FC8B6 /* Guess_the_DoodleApp.swift in Sources */ = {isa = PBXBuildFile; fileRef = C1C691342A3A0795001FC8B6 /* Guess_the_DoodleApp.swift */; };
		C1C691372A3A0795001FC8B6 /* ContentView.swift in Sources */ = {isa = PBXBuildFile; fileRef = C1C691362A3A0795001FC8B6 /* ContentView.swift */; };
		C1C691392A3A0797001FC8B6 /* Assets.xcassets in Resources */ = {isa = PBXBuildFile; fileRef = C1C691382A3A0797001FC8B6 /* Assets.xcassets */; };
		C1C6913C2A3A0797001FC8B6 /* Preview Assets.xcassets in Resources */ = {isa = PBXBuildFile; fileRef = C1C6913B2A3A0797001FC8B6 /* Preview Assets.xcassets */; };
		C1C691432A3A15A8001FC8B6 /* MenuView.swift in Sources */ = {isa = PBXBuildFile; fileRef = C1C691422A3A15A8001FC8B6 /* MenuView.swift */; };
		C1C691452A3A15CA001FC8B6 /* MatchManager.swift in Sources */ = {isa = PBXBuildFile; fileRef = C1C691442A3A15CA001FC8B6 /* MatchManager.swift */; };
		C1C691472A3A1612001FC8B6 /* Misc.swift in Sources */ = {isa = PBXBuildFile; fileRef = C1C691462A3A1612001FC8B6 /* Misc.swift */; };
		C1C691492A3A1E39001FC8B6 /* GameOverview.swift in Sources */ = {isa = PBXBuildFile; fileRef = C1C691482A3A1E39001FC8B6 /* GameOverview.swift */; };
		C1C6914B2A3A491A001FC8B6 /* GameView.swift in Sources */ = {isa = PBXBuildFile; fileRef = C1C6914A2A3A491A001FC8B6 /* GameView.swift */; };
		C1C6914D2A3BACFB001FC8B6 /* DrawingView.swift in Sources */ = {isa = PBXBuildFile; fileRef = C1C6914C2A3BACFB001FC8B6 /* DrawingView.swift */; };
/* End PBXBuildFile section */

/* Begin PBXFileReference section */
		C1C691312A3A0795001FC8B6 /* Guess the Doodle.app */ = {isa = PBXFileReference; explicitFileType = wrapper.application; includeInIndex = 0; path = "Guess the Doodle.app"; sourceTree = BUILT_PRODUCTS_DIR; };
		C1C691342A3A0795001FC8B6 /* Guess_the_DoodleApp.swift */ = {isa = PBXFileReference; lastKnownFileType = sourcecode.swift; path = Guess_the_DoodleApp.swift; sourceTree = "<group>"; };
		C1C691362A3A0795001FC8B6 /* ContentView.swift */ = {isa = PBXFileReference; lastKnownFileType = sourcecode.swift; path = ContentView.swift; sourceTree = "<group>"; };
		C1C691382A3A0797001FC8B6 /* Assets.xcassets */ = {isa = PBXFileReference; lastKnownFileType = folder.assetcatalog; path = Assets.xcassets; sourceTree = "<group>"; };
		C1C6913B2A3A0797001FC8B6 /* Preview Assets.xcassets */ = {isa = PBXFileReference; lastKnownFileType = folder.assetcatalog; path = "Preview Assets.xcassets"; sourceTree = "<group>"; };
		C1C691422A3A15A8001FC8B6 /* MenuView.swift */ = {isa = PBXFileReference; lastKnownFileType = sourcecode.swift; path = MenuView.swift; sourceTree = "<group>"; };
		C1C691442A3A15CA001FC8B6 /* MatchManager.swift */ = {isa = PBXFileReference; lastKnownFileType = sourcecode.swift; path = MatchManager.swift; sourceTree = "<group>"; };
		C1C691462A3A1612001FC8B6 /* Misc.swift */ = {isa = PBXFileReference; lastKnownFileType = sourcecode.swift; path = Misc.swift; sourceTree = "<group>"; };
		C1C691482A3A1E39001FC8B6 /* GameOverview.swift */ = {isa = PBXFileReference; lastKnownFileType = sourcecode.swift; path = GameOverview.swift; sourceTree = "<group>"; };
		C1C6914A2A3A491A001FC8B6 /* GameView.swift */ = {isa = PBXFileReference; lastKnownFileType = sourcecode.swift; path = GameView.swift; sourceTree = "<group>"; };
		C1C6914C2A3BACFB001FC8B6 /* DrawingView.swift */ = {isa = PBXFileReference; lastKnownFileType = sourcecode.swift; path = DrawingView.swift; sourceTree = "<group>"; };
/* End PBXFileReference section */

/* Begin PBXFrameworksBuildPhase section */
		C1C6912E2A3A0795001FC8B6 /* Frameworks */ = {
			isa = PBXFrameworksBuildPhase;
			buildActionMask = 2147483647;
			files = (
			);
			runOnlyForDeploymentPostprocessing = 0;
		};
/* End PBXFrameworksBuildPhase section */

/* Begin PBXGroup section */
		C1C691282A3A0795001FC8B6 = {
			isa = PBXGroup;
			children = (
				C1C691332A3A0795001FC8B6 /* Guess the Doodle */,
				C1C691322A3A0795001FC8B6 /* Products */,
			);
			sourceTree = "<group>";
		};
		C1C691322A3A0795001FC8B6 /* Products */ = {
			isa = PBXGroup;
			children = (
				C1C691312A3A0795001FC8B6 /* Guess the Doodle.app */,
			);
			name = Products;
			sourceTree = "<group>";
		};
		C1C691332A3A0795001FC8B6 /* Guess the Doodle */ = {
			isa = PBXGroup;
			children = (
				C1C691342A3A0795001FC8B6 /* Guess_the_DoodleApp.swift */,
				C1C691362A3A0795001FC8B6 /* ContentView.swift */,
				C1C691382A3A0797001FC8B6 /* Assets.xcassets */,
				C1C691442A3A15CA001FC8B6 /* MatchManager.swift */,
				C1C691482A3A1E39001FC8B6 /* GameOverview.swift */,
				C1C6914A2A3A491A001FC8B6 /* GameView.swift */,
				C1C6914C2A3BACFB001FC8B6 /* DrawingView.swift */,
				C1C691462A3A1612001FC8B6 /* Misc.swift */,
				C1C691422A3A15A8001FC8B6 /* MenuView.swift */,
				C1C6913A2A3A0797001FC8B6 /* Preview Content */,
			);
			path = "Guess the Doodle";
			sourceTree = "<group>";
		};
		C1C6913A2A3A0797001FC8B6 /* Preview Content */ = {
			isa = PBXGroup;
			children = (
				C1C6913B2A3A0797001FC8B6 /* Preview Assets.xcassets */,
			);
			path = "Preview Content";
			sourceTree = "<group>";
		};
/* End PBXGroup section */

/* Begin PBXNativeTarget section */
		C1C691302A3A0795001FC8B6 /* Guess the Doodle */ = {
			isa = PBXNativeTarget;
			buildConfigurationList = C1C6913F2A3A0797001FC8B6 /* Build configuration list for PBXNativeTarget "Guess the Doodle" */;
			buildPhases = (
				C1C6912D2A3A0795001FC8B6 /* Sources */,
				C1C6912E2A3A0795001FC8B6 /* Frameworks */,
				C1C6912F2A3A0795001FC8B6 /* Resources */,
			);
			buildRules = (
			);
			dependencies = (
			);
			name = "Guess the Doodle";
			productName = "Guess the Doodle";
			productReference = C1C691312A3A0795001FC8B6 /* Guess the Doodle.app */;
			productType = "com.apple.product-type.application";
		};
/* End PBXNativeTarget section */

/* Begin PBXProject section */
		C1C691292A3A0795001FC8B6 /* Project object */ = {
			isa = PBXProject;
			attributes = {
				BuildIndependentTargetsInParallel = 1;
				LastSwiftUpdateCheck = 1430;
				LastUpgradeCheck = 1430;
				TargetAttributes = {
					C1C691302A3A0795001FC8B6 = {
						CreatedOnToolsVersion = 14.3;
					};
				};
			};
			buildConfigurationList = C1C6912C2A3A0795001FC8B6 /* Build configuration list for PBXProject "Guess the Doodle" */;
			compatibilityVersion = "Xcode 14.0";
			developmentRegion = en;
			hasScannedForEncodings = 0;
			knownRegions = (
				en,
				Base,
			);
			mainGroup = C1C691282A3A0795001FC8B6;
			productRefGroup = C1C691322A3A0795001FC8B6 /* Products */;
			projectDirPath = "";
			projectRoot = "";
			targets = (
				C1C691302A3A0795001FC8B6 /* Guess the Doodle */,
			);
		};
/* End PBXProject section */

/* Begin PBXResourcesBuildPhase section */
		C1C6912F2A3A0795001FC8B6 /* Resources */ = {
			isa = PBXResourcesBuildPhase;
			buildActionMask = 2147483647;
			files = (
				C1C6913C2A3A0797001FC8B6 /* Preview Assets.xcassets in Resources */,
				C1C691392A3A0797001FC8B6 /* Assets.xcassets in Resources */,
			);
			runOnlyForDeploymentPostprocessing = 0;
		};
/* End PBXResourcesBuildPhase section */

/* Begin PBXSourcesBuildPhase section */
		C1C6912D2A3A0795001FC8B6 /* Sources */ = {
			isa = PBXSourcesBuildPhase;
			buildActionMask = 2147483647;
			files = (
				C1C691492A3A1E39001FC8B6 /* GameOverview.swift in Sources */,
				C1C691372A3A0795001FC8B6 /* ContentView.swift in Sources */,
				C1C691452A3A15CA001FC8B6 /* MatchManager.swift in Sources */,
				C1C6914D2A3BACFB001FC8B6 /* DrawingView.swift in Sources */,
				C1C691432A3A15A8001FC8B6 /* MenuView.swift in Sources */,
				C1C691472A3A1612001FC8B6 /* Misc.swift in Sources */,
				C1C691352A3A0795001FC8B6 /* Guess_the_DoodleApp.swift in Sources */,
				C1C6914B2A3A491A001FC8B6 /* GameView.swift in Sources */,
			);
			runOnlyForDeploymentPostprocessing = 0;
		};
/* End PBXSourcesBuildPhase section */

/* Begin XCBuildConfiguration section */
		C1C6913D2A3A0797001FC8B6 /* Debug */ = {
			isa = XCBuildConfiguration;
			buildSettings = {
				ALWAYS_SEARCH_USER_PATHS = NO;
				CLANG_ANALYZER_NONNULL = YES;
				CLANG_ANALYZER_NUMBER_OBJECT_CONVERSION = YES_AGGRESSIVE;
				CLANG_CXX_LANGUAGE_STANDARD = "gnu++20";
				CLANG_ENABLE_MODULES = YES;
				CLANG_ENABLE_OBJC_ARC = YES;
				CLANG_ENABLE_OBJC_WEAK = YES;
				CLANG_WARN_BLOCK_CAPTURE_AUTORELEASING = YES;
				CLANG_WARN_BOOL_CONVERSION = YES;
				CLANG_WARN_COMMA = YES;
				CLANG_WARN_CONSTANT_CONVERSION = YES;
				CLANG_WARN_DEPRECATED_OBJC_IMPLEMENTATIONS = YES;
				CLANG_WARN_DIRECT_OBJC_ISA_USAGE = YES_ERROR;
				CLANG_WARN_DOCUMENTATION_COMMENTS = YES;
				CLANG_WARN_EMPTY_BODY = YES;
				CLANG_WARN_ENUM_CONVERSION = YES;
				CLANG_WARN_INFINITE_RECURSION = YES;
				CLANG_WARN_INT_CONVERSION = YES;
				CLANG_WARN_NON_LITERAL_NULL_CONVERSION = YES;
				CLANG_WARN_OBJC_IMPLICIT_RETAIN_SELF = YES;
				CLANG_WARN_OBJC_LITERAL_CONVERSION = YES;
				CLANG_WARN_OBJC_ROOT_CLASS = YES_ERROR;
				CLANG_WARN_QUOTED_INCLUDE_IN_FRAMEWORK_HEADER = YES;
				CLANG_WARN_RANGE_LOOP_ANALYSIS = YES;
				CLANG_WARN_STRICT_PROTOTYPES = YES;
				CLANG_WARN_SUSPICIOUS_MOVE = YES;
				CLANG_WARN_UNGUARDED_AVAILABILITY = YES_AGGRESSIVE;
				CLANG_WARN_UNREACHABLE_CODE = YES;
				CLANG_WARN__DUPLICATE_METHOD_MATCH = YES;
				COPY_PHASE_STRIP = NO;
				DEBUG_INFORMATION_FORMAT = dwarf;
				ENABLE_STRICT_OBJC_MSGSEND = YES;
				ENABLE_TESTABILITY = YES;
				GCC_C_LANGUAGE_STANDARD = gnu11;
				GCC_DYNAMIC_NO_PIC = NO;
				GCC_NO_COMMON_BLOCKS = YES;
				GCC_OPTIMIZATION_LEVEL = 0;
				GCC_PREPROCESSOR_DEFINITIONS = (
					"DEBUG=1",
					"$(inherited)",
				);
				GCC_WARN_64_TO_32_BIT_CONVERSION = YES;
				GCC_WARN_ABOUT_RETURN_TYPE = YES_ERROR;
				GCC_WARN_UNDECLARED_SELECTOR = YES;
				GCC_WARN_UNINITIALIZED_AUTOS = YES_AGGRESSIVE;
				GCC_WARN_UNUSED_FUNCTION = YES;
				GCC_WARN_UNUSED_VARIABLE = YES;
				IPHONEOS_DEPLOYMENT_TARGET = 16.4;
				MTL_ENABLE_DEBUG_INFO = INCLUDE_SOURCE;
				MTL_FAST_MATH = YES;
				ONLY_ACTIVE_ARCH = YES;
				SDKROOT = iphoneos;
				SWIFT_ACTIVE_COMPILATION_CONDITIONS = DEBUG;
				SWIFT_OPTIMIZATION_LEVEL = "-Onone";
			};
			name = Debug;
		};
		C1C6913E2A3A0797001FC8B6 /* Release */ = {
			isa = XCBuildConfiguration;
			buildSettings = {
				ALWAYS_SEARCH_USER_PATHS = NO;
				CLANG_ANALYZER_NONNULL = YES;
				CLANG_ANALYZER_NUMBER_OBJECT_CONVERSION = YES_AGGRESSIVE;
				CLANG_CXX_LANGUAGE_STANDARD = "gnu++20";
				CLANG_ENABLE_MODULES = YES;
				CLANG_ENABLE_OBJC_ARC = YES;
				CLANG_ENABLE_OBJC_WEAK = YES;
				CLANG_WARN_BLOCK_CAPTURE_AUTORELEASING = YES;
				CLANG_WARN_BOOL_CONVERSION = YES;
				CLANG_WARN_COMMA = YES;
				CLANG_WARN_CONSTANT_CONVERSION = YES;
				CLANG_WARN_DEPRECATED_OBJC_IMPLEMENTATIONS = YES;
				CLANG_WARN_DIRECT_OBJC_ISA_USAGE = YES_ERROR;
				CLANG_WARN_DOCUMENTATION_COMMENTS = YES;
				CLANG_WARN_EMPTY_BODY = YES;
				CLANG_WARN_ENUM_CONVERSION = YES;
				CLANG_WARN_INFINITE_RECURSION = YES;
				CLANG_WARN_INT_CONVERSION = YES;
				CLANG_WARN_NON_LITERAL_NULL_CONVERSION = YES;
				CLANG_WARN_OBJC_IMPLICIT_RETAIN_SELF = YES;
				CLANG_WARN_OBJC_LITERAL_CONVERSION = YES;
				CLANG_WARN_OBJC_ROOT_CLASS = YES_ERROR;
				CLANG_WARN_QUOTED_INCLUDE_IN_FRAMEWORK_HEADER = YES;
				CLANG_WARN_RANGE_LOOP_ANALYSIS = YES;
				CLANG_WARN_STRICT_PROTOTYPES = YES;
				CLANG_WARN_SUSPICIOUS_MOVE = YES;
				CLANG_WARN_UNGUARDED_AVAILABILITY = YES_AGGRESSIVE;
				CLANG_WARN_UNREACHABLE_CODE = YES;
				CLANG_WARN__DUPLICATE_METHOD_MATCH = YES;
				COPY_PHASE_STRIP = NO;
				DEBUG_INFORMATION_FORMAT = "dwarf-with-dsym";
				ENABLE_NS_ASSERTIONS = NO;
				ENABLE_STRICT_OBJC_MSGSEND = YES;
				GCC_C_LANGUAGE_STANDARD = gnu11;
				GCC_NO_COMMON_BLOCKS = YES;
				GCC_WARN_64_TO_32_BIT_CONVERSION = YES;
				GCC_WARN_ABOUT_RETURN_TYPE = YES_ERROR;
				GCC_WARN_UNDECLARED_SELECTOR = YES;
				GCC_WARN_UNINITIALIZED_AUTOS = YES_AGGRESSIVE;
				GCC_WARN_UNUSED_FUNCTION = YES;
				GCC_WARN_UNUSED_VARIABLE = YES;
				IPHONEOS_DEPLOYMENT_TARGET = 16.4;
				MTL_ENABLE_DEBUG_INFO = NO;
				MTL_FAST_MATH = YES;
				SDKROOT = iphoneos;
				SWIFT_COMPILATION_MODE = wholemodule;
				SWIFT_OPTIMIZATION_LEVEL = "-O";
				VALIDATE_PRODUCT = YES;
			};
			name = Release;
		};
		C1C691402A3A0797001FC8B6 /* Debug */ = {
			isa = XCBuildConfiguration;
			buildSettings = {
				ASSETCATALOG_COMPILER_APPICON_NAME = AppIcon;
				ASSETCATALOG_COMPILER_GLOBAL_ACCENT_COLOR_NAME = AccentColor;
				CODE_SIGN_STYLE = Automatic;
				CURRENT_PROJECT_VERSION = 1;
				DEVELOPMENT_ASSET_PATHS = "\"Guess the Doodle/Preview Content\"";
				ENABLE_PREVIEWS = YES;
				GENERATE_INFOPLIST_FILE = YES;
				INFOPLIST_KEY_UIApplicationSceneManifest_Generation = YES;
				INFOPLIST_KEY_UIApplicationSupportsIndirectInputEvents = YES;
				INFOPLIST_KEY_UILaunchScreen_Generation = YES;
				INFOPLIST_KEY_UISupportedInterfaceOrientations_iPad = "UIInterfaceOrientationPortrait UIInterfaceOrientationPortraitUpsideDown UIInterfaceOrientationLandscapeLeft UIInterfaceOrientationLandscapeRight";
				INFOPLIST_KEY_UISupportedInterfaceOrientations_iPhone = "UIInterfaceOrientationPortrait UIInterfaceOrientationLandscapeLeft UIInterfaceOrientationLandscapeRight";
				LD_RUNPATH_SEARCH_PATHS = (
					"$(inherited)",
					"@executable_path/Frameworks",
				);
				MARKETING_VERSION = 1.0;
				PRODUCT_BUNDLE_IDENTIFIER = "d.Guess-the-Doodle";
				PRODUCT_NAME = "$(TARGET_NAME)";
				SWIFT_EMIT_LOC_STRINGS = YES;
				SWIFT_VERSION = 5.0;
				TARGETED_DEVICE_FAMILY = "1,2";
			};
			name = Debug;
		};
		C1C691412A3A0797001FC8B6 /* Release */ = {
			isa = XCBuildConfiguration;
			buildSettings = {
				ASSETCATALOG_COMPILER_APPICON_NAME = AppIcon;
				ASSETCATALOG_COMPILER_GLOBAL_ACCENT_COLOR_NAME = AccentColor;
				CODE_SIGN_STYLE = Automatic;
				CURRENT_PROJECT_VERSION = 1;
				DEVELOPMENT_ASSET_PATHS = "\"Guess the Doodle/Preview Content\"";
				ENABLE_PREVIEWS = YES;
				GENERATE_INFOPLIST_FILE = YES;
				INFOPLIST_KEY_UIApplicationSceneManifest_Generation = YES;
				INFOPLIST_KEY_UIApplicationSupportsIndirectInputEvents = YES;
				INFOPLIST_KEY_UILaunchScreen_Generation = YES;
				INFOPLIST_KEY_UISupportedInterfaceOrientations_iPad = "UIInterfaceOrientationPortrait UIInterfaceOrientationPortraitUpsideDown UIInterfaceOrientationLandscapeLeft UIInterfaceOrientationLandscapeRight";
				INFOPLIST_KEY_UISupportedInterfaceOrientations_iPhone = "UIInterfaceOrientationPortrait UIInterfaceOrientationLandscapeLeft UIInterfaceOrientationLandscapeRight";
				LD_RUNPATH_SEARCH_PATHS = (
					"$(inherited)",
					"@executable_path/Frameworks",
				);
				MARKETING_VERSION = 1.0;
				PRODUCT_BUNDLE_IDENTIFIER = "d.Guess-the-Doodle";
				PRODUCT_NAME = "$(TARGET_NAME)";
				SWIFT_EMIT_LOC_STRINGS = YES;
				SWIFT_VERSION = 5.0;
				TARGETED_DEVICE_FAMILY = "1,2";
			};
			name = Release;
		};
/* End XCBuildConfiguration section */

/* Begin XCConfigurationList section */
		C1C6912C2A3A0795001FC8B6 /* Build configuration list for PBXProject "Guess the Doodle" */ = {
			isa = XCConfigurationList;
			buildConfigurations = (
				C1C6913D2A3A0797001FC8B6 /* Debug */,
				C1C6913E2A3A0797001FC8B6 /* Release */,
			);
			defaultConfigurationIsVisible = 0;
			defaultConfigurationName = Release;
		};
		C1C6913F2A3A0797001FC8B6 /* Build configuration list for PBXNativeTarget "Guess the Doodle" */ = {
			isa = XCConfigurationList;
			buildConfigurations = (
				C1C691402A3A0797001FC8B6 /* Debug */,
				C1C691412A3A0797001FC8B6 /* Release */,
			);
			defaultConfigurationIsVisible = 0;
			defaultConfigurationName = Release;
		};
/* End XCConfigurationList section */
	};
	rootObject = C1C691292A3A0795001FC8B6 /* Project object */;
}
